
Microsoft Visual Studio Solution File, Format Version 12.00
# Visual Studio Version 16
VisualStudioVersion = 16.0.31729.503
MinimumVisualStudioVersion = 10.0.40219.1
Project("{FAE04EC0-301F-11D3-BF4B-00C04F79EFBC}") = "NbgLibrary", "NbgLibrary\NbgLibrary.csproj", "{EB51F193-DEF4-4391-9417-3935A751CA13}"
EndProject
Global
	GlobalSection(SolutionConfigurationPlatforms) = preSolution
		Debug|Any CPU = Debug|Any CPU
		Release|Any CPU = Release|Any CPU
	EndGlobalSection
	GlobalSection(ProjectConfigurationPlatforms) = postSolution
		{EB51F193-DEF4-4391-9417-3935A751CA13}.Debug|Any CPU.ActiveCfg = Debug|Any CPU
		{EB51F193-DEF4-4391-9417-3935A751CA13}.Debug|Any CPU.Build.0 = Debug|Any CPU
		{EB51F193-DEF4-4391-9417-3935A751CA13}.Release|Any CPU.ActiveCfg = Release|Any CPU
		{EB51F193-DEF4-4391-9417-3935A751CA13}.Release|Any CPU.Build.0 = Release|Any CPU
	EndGlobalSection
	GlobalSection(SolutionProperties) = preSolution
		HideSolutionNode = FALSE
	EndGlobalSection
	GlobalSection(ExtensibilityGlobals) = postSolution
		SolutionGuid = {DA8420DB-63DC-47EA-BEA1-A59096F66F20}
	EndGlobalSection
EndGlobal
